github.com/matheush9/tcp-server v0.0.0-20240223000034-56bbe2109570 h1:N5ktQOW2vYNAFIDzLoF8amkuvlBI/gHCHoTTuEpXCY8=
github.com/matheush9/tcp-server v0.0.0-20240223000034-56bbe2109570/go.mod h1:35t5bjNBgo7UDSKKh/Sd2Xlx1eAO0rcHMIGXH/h3jxM=
github.com/matheush9/tcp-server v0.0.0-20240227003713-0fbc9c286a3f h1:tgkgWlMYX7Q1dLbAi0gE2KdP4FcSU5tplkx2Av9DsTE=
github.com/matheush9/tcp-server v0.0.0-20240227003713-0fbc9c286a3f/go.mod h1:35t5bjNBgo7UDSKKh/Sd2Xlx1eAO0rcHMIGXH/h3jxM=
